// !$*UTF8*$!
{
	archiveVersion = 1;
	classes = {
	};
	objectVersion = 46;
	objects = {

/* Begin PBXBuildFile section */
		DC02403F19AF623600B5727F /* gray.png in Resources */ = {isa = PBXBuildFile; fileRef = DC02403C19AF623600B5727F /* gray.png */; };
		DC02404019AF623600B5727F /* green.png in Resources */ = {isa = PBXBuildFile; fileRef = DC02403D19AF623600B5727F /* green.png */; };
		DC02404119AF623600B5727F /* red.png in Resources */ = {isa = PBXBuildFile; fileRef = DC02403E19AF623600B5727F /* red.png */; };
		DC1609C719AF847D006300C1 /* CrestronInterface.m in Sources */ = {isa = PBXBuildFile; fileRef = DC1609C619AF847D006300C1 /* CrestronInterface.m */; };
		DC640B8D18BF87C3004C0E7B /* GCDAsyncSocket.m in Sources */ = {isa = PBXBuildFile; fileRef = DC640B8C18BF87C3004C0E7B /* GCDAsyncSocket.m */; };
		DC640B8F18BF893F004C0E7B /* Security.framework in Frameworks */ = {isa = PBXBuildFile; fileRef = DC640B8E18BF893F004C0E7B /* Security.framework */; };
		DC7A3A0B18B6852F00D0C4ED /* FFMpegWrapper.m in Sources */ = {isa = PBXBuildFile; fileRef = DC7A3A0A18B6852F00D0C4ED /* FFMpegWrapper.m */; };
		DC859ED718C884ED00E8F8B5 /* PreferencesController.m in Sources */ = {isa = PBXBuildFile; fileRef = DC859ED518C884ED00E8F8B5 /* PreferencesController.m */; };
		DC859ED818C884ED00E8F8B5 /* PreferencesController.xib in Resources */ = {isa = PBXBuildFile; fileRef = DC859ED618C884ED00E8F8B5 /* PreferencesController.xib */; };
		DCA8B84718CB18A1009CFD89 /* TCPInterfaceController.m in Sources */ = {isa = PBXBuildFile; fileRef = DCA8B84618CB18A1009CFD89 /* TCPInterfaceController.m */; };
		DCB00A9718C8D348005F0E43 /* ffmpeg in Resources */ = {isa = PBXBuildFile; fileRef = DCB00A9618C8D348005F0E43 /* ffmpeg */; };
		DCF0F1CF18B64B47000DCDE3 /* Cocoa.framework in Frameworks */ = {isa = PBXBuildFile; fileRef = DCF0F1CE18B64B47000DCDE3 /* Cocoa.framework */; };
		DCF0F1D918B64B47000DCDE3 /* InfoPlist.strings in Resources */ = {isa = PBXBuildFile; fileRef = DCF0F1D718B64B47000DCDE3 /* InfoPlist.strings */; };
		DCF0F1DB18B64B47000DCDE3 /* main.m in Sources */ = {isa = PBXBuildFile; fileRef = DCF0F1DA18B64B47000DCDE3 /* main.m */; };
		DCF0F1DF18B64B47000DCDE3 /* Credits.rtf in Resources */ = {isa = PBXBuildFile; fileRef = DCF0F1DD18B64B47000DCDE3 /* Credits.rtf */; };
		DCF0F1E218B64B47000DCDE3 /* AppDelegate.m in Sources */ = {isa = PBXBuildFile; fileRef = DCF0F1E118B64B47000DCDE3 /* AppDelegate.m */; };
		DCF0F1E518B64B47000DCDE3 /* MainMenu.xib in Resources */ = {isa = PBXBuildFile; fileRef = DCF0F1E318B64B47000DCDE3 /* MainMenu.xib */; };
		DCF0F1E718B64B47000DCDE3 /* Images.xcassets in Resources */ = {isa = PBXBuildFile; fileRef = DCF0F1E618B64B47000DCDE3 /* Images.xcassets */; };
		DCF0F1EE18B64B47000DCDE3 /* XCTest.framework in Frameworks */ = {isa = PBXBuildFile; fileRef = DCF0F1ED18B64B47000DCDE3 /* XCTest.framework */; };
		DCF0F1EF18B64B47000DCDE3 /* Cocoa.framework in Frameworks */ = {isa = PBXBuildFile; fileRef = DCF0F1CE18B64B47000DCDE3 /* Cocoa.framework */; };
		DCF0F1F718B64B47000DCDE3 /* InfoPlist.strings in Resources */ = {isa = PBXBuildFile; fileRef = DCF0F1F518B64B47000DCDE3 /* InfoPlist.strings */; };
		DCF0F1F918B64B47000DCDE3 /* H_264_RecorderTests.m in Sources */ = {isa = PBXBuildFile; fileRef = DCF0F1F818B64B47000DCDE3 /* H_264_RecorderTests.m */; };
		DCF5269318B64BDC00FFDFE3 /* H264Recorder.m in Sources */ = {isa = PBXBuildFile; fileRef = DCF5269218B64BDC00FFDFE3 /* H264Recorder.m */; };
		DCF5269818B64D5200FFDFE3 /* AsyncSocket.m in Sources */ = {isa = PBXBuildFile; fileRef = DCF5269518B64D5200FFDFE3 /* AsyncSocket.m */; };
		DCF5269918B64D5200FFDFE3 /* AsyncUdpSocket.m in Sources */ = {isa = PBXBuildFile; fileRef = DCF5269718B64D5200FFDFE3 /* AsyncUdpSocket.m */; };
/* End PBXBuildFile section */

/* Begin PBXContainerItemProxy section */
		DCF0F1F018B64B47000DCDE3 /* PBXContainerItemProxy */ = {
			isa = PBXContainerItemProxy;
			containerPortal = DCF0F1C318B64B47000DCDE3 /* Project object */;
			proxyType = 1;
			remoteGlobalIDString = DCF0F1CA18B64B47000DCDE3;
			remoteInfo = "H.264 Recorder";
		};
/* End PBXContainerItemProxy section */

/* Begin PBXFileReference section */
		DC02403C19AF623600B5727F /* gray.png */ = {isa = PBXFileReference; lastKnownFileType = image.png; path = gray.png; sourceTree = "<group>"; };
		DC02403D19AF623600B5727F /* green.png */ = {isa = PBXFileReference; lastKnownFileType = image.png; path = green.png; sourceTree = "<group>"; };
		DC02403E19AF623600B5727F /* red.png */ = {isa = PBXFileReference; lastKnownFileType = image.png; path = red.png; sourceTree = "<group>"; };
		DC1609C519AF847D006300C1 /* CrestronInterface.h */ = {isa = PBXFileReference; fileEncoding = 4; lastKnownFileType = sourcecode.c.h; path = CrestronInterface.h; sourceTree = "<group>"; };
		DC1609C619AF847D006300C1 /* CrestronInterface.m */ = {isa = PBXFileReference; fileEncoding = 4; lastKnownFileType = sourcecode.c.objc; path = CrestronInterface.m; sourceTree = "<group>"; };
		DC640B8B18BF87C3004C0E7B /* GCDAsyncSocket.h */ = {isa = PBXFileReference; fileEncoding = 4; lastKnownFileType = sourcecode.c.h; path = GCDAsyncSocket.h; sourceTree = "<group>"; };
		DC640B8C18BF87C3004C0E7B /* GCDAsyncSocket.m */ = {isa = PBXFileReference; fileEncoding = 4; lastKnownFileType = sourcecode.c.objc; path = GCDAsyncSocket.m; sourceTree = "<group>"; };
		DC640B8E18BF893F004C0E7B /* Security.framework */ = {isa = PBXFileReference; lastKnownFileType = wrapper.framework; name = Security.framework; path = Platforms/MacOSX.platform/Developer/SDKs/MacOSX10.8.sdk/System/Library/Frameworks/Security.framework; sourceTree = DEVELOPER_DIR; };
		DC7A3A0918B6852F00D0C4ED /* FFMpegWrapper.h */ = {isa = PBXFileReference; fileEncoding = 4; lastKnownFileType = sourcecode.c.h; path = FFMpegWrapper.h; sourceTree = "<group>"; };
		DC7A3A0A18B6852F00D0C4ED /* FFMpegWrapper.m */ = {isa = PBXFileReference; fileEncoding = 4; lastKnownFileType = sourcecode.c.objc; path = FFMpegWrapper.m; sourceTree = "<group>"; };
		DC859ED418C884ED00E8F8B5 /* PreferencesController.h */ = {isa = PBXFileReference; fileEncoding = 4; lastKnownFileType = sourcecode.c.h; path = PreferencesController.h; sourceTree = "<group>"; };
		DC859ED518C884ED00E8F8B5 /* PreferencesController.m */ = {isa = PBXFileReference; fileEncoding = 4; lastKnownFileType = sourcecode.c.objc; path = PreferencesController.m; sourceTree = "<group>"; };
		DC859ED618C884ED00E8F8B5 /* PreferencesController.xib */ = {isa = PBXFileReference; fileEncoding = 4; lastKnownFileType = file.xib; path = PreferencesController.xib; sourceTree = "<group>"; };
		DCA8B84518CB18A1009CFD89 /* TCPInterfaceController.h */ = {isa = PBXFileReference; fileEncoding = 4; lastKnownFileType = sourcecode.c.h; path = TCPInterfaceController.h; sourceTree = "<group>"; };
		DCA8B84618CB18A1009CFD89 /* TCPInterfaceController.m */ = {isa = PBXFileReference; fileEncoding = 4; lastKnownFileType = sourcecode.c.objc; path = TCPInterfaceController.m; sourceTree = "<group>"; };
		DCB00A9618C8D348005F0E43 /* ffmpeg */ = {isa = PBXFileReference; lastKnownFileType = "compiled.mach-o.executable"; path = ffmpeg; sourceTree = "<group>"; };
		DCD61BBF18D1DA5D001DBCF4 /* QuickTime.framework */ = {isa = PBXFileReference; lastKnownFileType = wrapper.framework; name = QuickTime.framework; path = Platforms/MacOSX.platform/Developer/SDKs/MacOSX10.8.sdk/System/Library/Frameworks/QuickTime.framework; sourceTree = DEVELOPER_DIR; };
		DCD61BC118D1DB08001DBCF4 /* QTKit.framework */ = {isa = PBXFileReference; lastKnownFileType = wrapper.framework; name = QTKit.framework; path = Platforms/MacOSX.platform/Developer/SDKs/MacOSX10.8.sdk/System/Library/Frameworks/QTKit.framework; sourceTree = DEVELOPER_DIR; };
		DCF0F1CB18B64B47000DCDE3 /* H.264 Recorder.app */ = {isa = PBXFileReference; explicitFileType = wrapper.application; includeInIndex = 0; path = "H.264 Recorder.app"; sourceTree = BUILT_PRODUCTS_DIR; };
		DCF0F1CE18B64B47000DCDE3 /* Cocoa.framework */ = {isa = PBXFileReference; lastKnownFileType = wrapper.framework; name = Cocoa.framework; path = System/Library/Frameworks/Cocoa.framework; sourceTree = SDKROOT; };
		DCF0F1D118B64B47000DCDE3 /* AppKit.framework */ = {isa = PBXFileReference; lastKnownFileType = wrapper.framework; name = AppKit.framework; path = System/Library/Frameworks/AppKit.framework; sourceTree = SDKROOT; };
		DCF0F1D218B64B47000DCDE3 /* CoreData.framework */ = {isa = PBXFileReference; lastKnownFileType = wrapper.framework; name = CoreData.framework; path = System/Library/Frameworks/CoreData.framework; sourceTree = SDKROOT; };
		DCF0F1D318B64B47000DCDE3 /* Foundation.framework */ = {isa = PBXFileReference; lastKnownFileType = wrapper.framework; name = Foundation.framework; path = System/Library/Frameworks/Foundation.framework; sourceTree = SDKROOT; };
		DCF0F1D618B64B47000DCDE3 /* H.264 Recorder-Info.plist */ = {isa = PBXFileReference; lastKnownFileType = text.plist.xml; path = "H.264 Recorder-Info.plist"; sourceTree = "<group>"; };
		DCF0F1D818B64B47000DCDE3 /* en */ = {isa = PBXFileReference; lastKnownFileType = text.plist.strings; name = en; path = en.lproj/InfoPlist.strings; sourceTree = "<group>"; };
		DCF0F1DA18B64B47000DCDE3 /* main.m */ = {isa = PBXFileReference; lastKnownFileType = sourcecode.c.objc; path = main.m; sourceTree = "<group>"; };
		DCF0F1DC18B64B47000DCDE3 /* H.264 Recorder-Prefix.pch */ = {isa = PBXFileReference; lastKnownFileType = sourcecode.c.h; path = "H.264 Recorder-Prefix.pch"; sourceTree = "<group>"; };
		DCF0F1DE18B64B47000DCDE3 /* en */ = {isa = PBXFileReference; lastKnownFileType = text.rtf; name = en; path = en.lproj/Credits.rtf; sourceTree = "<group>"; };
		DCF0F1E018B64B47000DCDE3 /* AppDelegate.h */ = {isa = PBXFileReference; lastKnownFileType = sourcecode.c.h; path = AppDelegate.h; sourceTree = "<group>"; };
		DCF0F1E118B64B47000DCDE3 /* AppDelegate.m */ = {isa = PBXFileReference; lastKnownFileType = sourcecode.c.objc; path = AppDelegate.m; sourceTree = "<group>"; };
		DCF0F1E418B64B47000DCDE3 /* Base */ = {isa = PBXFileReference; lastKnownFileType = file.xib; name = Base; path = Base.lproj/MainMenu.xib; sourceTree = "<group>"; };
		DCF0F1E618B64B47000DCDE3 /* Images.xcassets */ = {isa = PBXFileReference; lastKnownFileType = folder.assetcatalog; path = Images.xcassets; sourceTree = "<group>"; };
		DCF0F1EC18B64B47000DCDE3 /* H.264 RecorderTests.xctest */ = {isa = PBXFileReference; explicitFileType = wrapper.cfbundle; includeInIndex = 0; path = "H.264 RecorderTests.xctest"; sourceTree = BUILT_PRODUCTS_DIR; };
		DCF0F1ED18B64B47000DCDE3 /* XCTest.framework */ = {isa = PBXFileReference; lastKnownFileType = wrapper.framework; name = XCTest.framework; path = Library/Frameworks/XCTest.framework; sourceTree = DEVELOPER_DIR; };
		DCF0F1F418B64B47000DCDE3 /* H.264 RecorderTests-Info.plist */ = {isa = PBXFileReference; lastKnownFileType = text.plist.xml; path = "H.264 RecorderTests-Info.plist"; sourceTree = "<group>"; };
		DCF0F1F618B64B47000DCDE3 /* en */ = {isa = PBXFileReference; lastKnownFileType = text.plist.strings; name = en; path = en.lproj/InfoPlist.strings; sourceTree = "<group>"; };
		DCF0F1F818B64B47000DCDE3 /* H_264_RecorderTests.m */ = {isa = PBXFileReference; lastKnownFileType = sourcecode.c.objc; path = H_264_RecorderTests.m; sourceTree = "<group>"; };
		DCF5269118B64BDC00FFDFE3 /* H264Recorder.h */ = {isa = PBXFileReference; fileEncoding = 4; lastKnownFileType = sourcecode.c.h; name = H264Recorder.h; path = ../H264Recorder.h; sourceTree = "<group>"; };
		DCF5269218B64BDC00FFDFE3 /* H264Recorder.m */ = {isa = PBXFileReference; fileEncoding = 4; lastKnownFileType = sourcecode.c.objc; name = H264Recorder.m; path = ../H264Recorder.m; sourceTree = "<group>"; };
		DCF5269418B64D5200FFDFE3 /* AsyncSocket.h */ = {isa = PBXFileReference; fileEncoding = 4; lastKnownFileType = sourcecode.c.h; name = AsyncSocket.h; path = ../AsyncSocket.h; sourceTree = "<group>"; };
		DCF5269518B64D5200FFDFE3 /* AsyncSocket.m */ = {isa = PBXFileReference; fileEncoding = 4; lastKnownFileType = sourcecode.c.objc; name = AsyncSocket.m; path = ../AsyncSocket.m; sourceTree = "<group>"; };
		DCF5269618B64D5200FFDFE3 /* AsyncUdpSocket.h */ = {isa = PBXFileReference; fileEncoding = 4; lastKnownFileType = sourcecode.c.h; name = AsyncUdpSocket.h; path = ../AsyncUdpSocket.h; sourceTree = "<group>"; };
		DCF5269718B64D5200FFDFE3 /* AsyncUdpSocket.m */ = {isa = PBXFileReference; fileEncoding = 4; lastKnownFileType = sourcecode.c.objc; name = AsyncUdpSocket.m; path = ../AsyncUdpSocket.m; sourceTree = "<group>"; };
/* End PBXFileReference section */

/* Begin PBXFrameworksBuildPhase section */
		DCF0F1C818B64B47000DCDE3 /* Frameworks */ = {
			isa = PBXFrameworksBuildPhase;
			buildActionMask = 2147483647;
			files = (
				DC640B8F18BF893F004C0E7B /* Security.framework in Frameworks */,
				DCF0F1CF18B64B47000DCDE3 /* Cocoa.framework in Frameworks */,
			);
			runOnlyForDeploymentPostprocessing = 0;
		};
		DCF0F1E918B64B47000DCDE3 /* Frameworks */ = {
			isa = PBXFrameworksBuildPhase;
			buildActionMask = 2147483647;
			files = (
				DCF0F1EF18B64B47000DCDE3 /* Cocoa.framework in Frameworks */,
				DCF0F1EE18B64B47000DCDE3 /* XCTest.framework in Frameworks */,
			);
			runOnlyForDeploymentPostprocessing = 0;
		};
/* End PBXFrameworksBuildPhase section */

/* Begin PBXGroup section */
		DCF0F1C218B64B47000DCDE3 = {
			isa = PBXGroup;
			children = (
				DC859ED418C884ED00E8F8B5 /* PreferencesController.h */,
				DC859ED518C884ED00E8F8B5 /* PreferencesController.m */,
				DC859ED618C884ED00E8F8B5 /* PreferencesController.xib */,
				DCF0F1D418B64B47000DCDE3 /* H.264 Recorder */,
				DCF0F1F218B64B47000DCDE3 /* H.264 RecorderTests */,
				DCF0F1CD18B64B47000DCDE3 /* Frameworks */,
				DCF0F1CC18B64B47000DCDE3 /* Products */,
			);
			sourceTree = "<group>";
		};
		DCF0F1CC18B64B47000DCDE3 /* Products */ = {
			isa = PBXGroup;
			children = (
				DCF0F1CB18B64B47000DCDE3 /* H.264 Recorder.app */,
				DCF0F1EC18B64B47000DCDE3 /* H.264 RecorderTests.xctest */,
			);
			name = Products;
			sourceTree = "<group>";
		};
		DCF0F1CD18B64B47000DCDE3 /* Frameworks */ = {
			isa = PBXGroup;
			children = (
				DCD61BC118D1DB08001DBCF4 /* QTKit.framework */,
				DCD61BBF18D1DA5D001DBCF4 /* QuickTime.framework */,
				DC640B8E18BF893F004C0E7B /* Security.framework */,
				DCF0F1CE18B64B47000DCDE3 /* Cocoa.framework */,
				DCF0F1ED18B64B47000DCDE3 /* XCTest.framework */,
				DCF0F1D018B64B47000DCDE3 /* Other Frameworks */,
			);
			name = Frameworks;
			sourceTree = "<group>";
		};
		DCF0F1D018B64B47000DCDE3 /* Other Frameworks */ = {
			isa = PBXGroup;
			children = (
				DCF0F1D118B64B47000DCDE3 /* AppKit.framework */,
				DCF0F1D218B64B47000DCDE3 /* CoreData.framework */,
				DCF0F1D318B64B47000DCDE3 /* Foundation.framework */,
			);
			name = "Other Frameworks";
			sourceTree = "<group>";
		};
		DCF0F1D418B64B47000DCDE3 /* H.264 Recorder */ = {
			isa = PBXGroup;
			children = (
				DCF0F1E018B64B47000DCDE3 /* AppDelegate.h */,
				DCF0F1E118B64B47000DCDE3 /* AppDelegate.m */,
				DCF5269118B64BDC00FFDFE3 /* H264Recorder.h */,
				DC7A3A0918B6852F00D0C4ED /* FFMpegWrapper.h */,
				DC7A3A0A18B6852F00D0C4ED /* FFMpegWrapper.m */,
				DCF5269218B64BDC00FFDFE3 /* H264Recorder.m */,
				DCA8B84518CB18A1009CFD89 /* TCPInterfaceController.h */,
				DCA8B84618CB18A1009CFD89 /* TCPInterfaceController.m */,
				DC1609C519AF847D006300C1 /* CrestronInterface.h */,
				DC1609C619AF847D006300C1 /* CrestronInterface.m */,
				DCF0F1E318B64B47000DCDE3 /* MainMenu.xib */,
				DCF0F1E618B64B47000DCDE3 /* Images.xcassets */,
				DCF0F1D518B64B47000DCDE3 /* Supporting Files */,
			);
			path = "H.264 Recorder";
			sourceTree = "<group>";
		};
		DCF0F1D518B64B47000DCDE3 /* Supporting Files */ = {
			isa = PBXGroup;
			children = (
				DC02403C19AF623600B5727F /* gray.png */,
				DC02403D19AF623600B5727F /* green.png */,
				DC02403E19AF623600B5727F /* red.png */,
				DCB00A9618C8D348005F0E43 /* ffmpeg */,
				DC640B8B18BF87C3004C0E7B /* GCDAsyncSocket.h */,
				DC640B8C18BF87C3004C0E7B /* GCDAsyncSocket.m */,
				DCF5269418B64D5200FFDFE3 /* AsyncSocket.h */,
				DCF5269518B64D5200FFDFE3 /* AsyncSocket.m */,
				DCF5269618B64D5200FFDFE3 /* AsyncUdpSocket.h */,
				DCF5269718B64D5200FFDFE3 /* AsyncUdpSocket.m */,
				DCF0F1D618B64B47000DCDE3 /* H.264 Recorder-Info.plist */,
				DCF0F1D718B64B47000DCDE3 /* InfoPlist.strings */,
				DCF0F1DA18B64B47000DCDE3 /* main.m */,
				DCF0F1DC18B64B47000DCDE3 /* H.264 Recorder-Prefix.pch */,
				DCF0F1DD18B64B47000DCDE3 /* Credits.rtf */,
			);
			name = "Supporting Files";
			sourceTree = "<group>";
		};
		DCF0F1F218B64B47000DCDE3 /* H.264 RecorderTests */ = {
			isa = PBXGroup;
			children = (
				DCF0F1F818B64B47000DCDE3 /* H_264_RecorderTests.m */,
				DCF0F1F318B64B47000DCDE3 /* Supporting Files */,
			);
			path = "H.264 RecorderTests";
			sourceTree = "<group>";
		};
		DCF0F1F318B64B47000DCDE3 /* Supporting Files */ = {
			isa = PBXGroup;
			children = (
				DCF0F1F418B64B47000DCDE3 /* H.264 RecorderTests-Info.plist */,
				DCF0F1F518B64B47000DCDE3 /* InfoPlist.strings */,
			);
			name = "Supporting Files";
			sourceTree = "<group>";
		};
/* End PBXGroup section */

/* Begin PBXNativeTarget section */
		DCF0F1CA18B64B47000DCDE3 /* H.264 Recorder */ = {
			isa = PBXNativeTarget;
			buildConfigurationList = DCF0F1FC18B64B47000DCDE3 /* Build configuration list for PBXNativeTarget "H.264 Recorder" */;
			buildPhases = (
				DCF0F1C718B64B47000DCDE3 /* Sources */,
				DCF0F1C818B64B47000DCDE3 /* Frameworks */,
				DCF0F1C918B64B47000DCDE3 /* Resources */,
			);
			buildRules = (
			);
			dependencies = (
			);
			name = "H.264 Recorder";
			productName = "H.264 Recorder";
			productReference = DCF0F1CB18B64B47000DCDE3 /* H.264 Recorder.app */;
			productType = "com.apple.product-type.application";
		};
		DCF0F1EB18B64B47000DCDE3 /* H.264 RecorderTests */ = {
			isa = PBXNativeTarget;
			buildConfigurationList = DCF0F1FF18B64B47000DCDE3 /* Build configuration list for PBXNativeTarget "H.264 RecorderTests" */;
			buildPhases = (
				DCF0F1E818B64B47000DCDE3 /* Sources */,
				DCF0F1E918B64B47000DCDE3 /* Frameworks */,
				DCF0F1EA18B64B47000DCDE3 /* Resources */,
			);
			buildRules = (
			);
			dependencies = (
				DCF0F1F118B64B47000DCDE3 /* PBXTargetDependency */,
			);
			name = "H.264 RecorderTests";
			productName = "H.264 RecorderTests";
			productReference = DCF0F1EC18B64B47000DCDE3 /* H.264 RecorderTests.xctest */;
			productType = "com.apple.product-type.bundle.unit-test";
		};
/* End PBXNativeTarget section */

/* Begin PBXProject section */
		DCF0F1C318B64B47000DCDE3 /* Project object */ = {
			isa = PBXProject;
			attributes = {
				LastUpgradeCheck = 0500;
				ORGANIZATIONNAME = "Learninglab DTU";
				TargetAttributes = {
					DCF0F1CA18B64B47000DCDE3 = {
						DevelopmentTeam = 59TCTNUBMQ;
					};
					DCF0F1EB18B64B47000DCDE3 = {
						TestTargetID = DCF0F1CA18B64B47000DCDE3;
					};
				};
			};
			buildConfigurationList = DCF0F1C618B64B47000DCDE3 /* Build configuration list for PBXProject "H.264 Recorder" */;
			compatibilityVersion = "Xcode 3.2";
			developmentRegion = English;
			hasScannedForEncodings = 0;
			knownRegions = (
				en,
				Base,
			);
			mainGroup = DCF0F1C218B64B47000DCDE3;
			productRefGroup = DCF0F1CC18B64B47000DCDE3 /* Products */;
			projectDirPath = "";
			projectRoot = "";
			targets = (
				DCF0F1CA18B64B47000DCDE3 /* H.264 Recorder */,
				DCF0F1EB18B64B47000DCDE3 /* H.264 RecorderTests */,
			);
		};
/* End PBXProject section */

/* Begin PBXResourcesBuildPhase section */
		DCF0F1C918B64B47000DCDE3 /* Resources */ = {
			isa = PBXResourcesBuildPhase;
			buildActionMask = 2147483647;
			files = (
				DC859ED818C884ED00E8F8B5 /* PreferencesController.xib in Resources */,
				DC02404019AF623600B5727F /* green.png in Resources */,
				DCB00A9718C8D348005F0E43 /* ffmpeg in Resources */,
				DCF0F1D918B64B47000DCDE3 /* InfoPlist.strings in Resources */,
				DCF0F1E718B64B47000DCDE3 /* Images.xcassets in Resources */,
				DC02403F19AF623600B5727F /* gray.png in Resources */,
				DC02404119AF623600B5727F /* red.png in Resources */,
				DCF0F1DF18B64B47000DCDE3 /* Credits.rtf in Resources */,
				DCF0F1E518B64B47000DCDE3 /* MainMenu.xib in Resources */,
			);
			runOnlyForDeploymentPostprocessing = 0;
		};
		DCF0F1EA18B64B47000DCDE3 /* Resources */ = {
			isa = PBXResourcesBuildPhase;
			buildActionMask = 2147483647;
			files = (
				DCF0F1F718B64B47000DCDE3 /* InfoPlist.strings in Resources */,
			);
			runOnlyForDeploymentPostprocessing = 0;
		};
/* End PBXResourcesBuildPhase section */

/* Begin PBXSourcesBuildPhase section */
		DCF0F1C718B64B47000DCDE3 /* Sources */ = {
			isa = PBXSourcesBuildPhase;
			buildActionMask = 2147483647;
			files = (
				DCA8B84718CB18A1009CFD89 /* TCPInterfaceController.m in Sources */,
				DC859ED718C884ED00E8F8B5 /* PreferencesController.m in Sources */,
				DCF5269318B64BDC00FFDFE3 /* H264Recorder.m in Sources */,
				DCF5269918B64D5200FFDFE3 /* AsyncUdpSocket.m in Sources */,
				DC7A3A0B18B6852F00D0C4ED /* FFMpegWrapper.m in Sources */,
				DCF0F1E218B64B47000DCDE3 /* AppDelegate.m in Sources */,
				DCF0F1DB18B64B47000DCDE3 /* main.m in Sources */,
				DC640B8D18BF87C3004C0E7B /* GCDAsyncSocket.m in Sources */,
				DCF5269818B64D5200FFDFE3 /* AsyncSocket.m in Sources */,
				DC1609C719AF847D006300C1 /* CrestronInterface.m in Sources */,
			);
			runOnlyForDeploymentPostprocessing = 0;
		};
		DCF0F1E818B64B47000DCDE3 /* Sources */ = {
			isa = PBXSourcesBuildPhase;
			buildActionMask = 2147483647;
			files = (
				DCF0F1F918B64B47000DCDE3 /* H_264_RecorderTests.m in Sources */,
			);
			runOnlyForDeploymentPostprocessing = 0;
		};
/* End PBXSourcesBuildPhase section */

/* Begin PBXTargetDependency section */
		DCF0F1F118B64B47000DCDE3 /* PBXTargetDependency */ = {
			isa = PBXTargetDependency;
			target = DCF0F1CA18B64B47000DCDE3 /* H.264 Recorder */;
			targetProxy = DCF0F1F018B64B47000DCDE3 /* PBXContainerItemProxy */;
		};
/* End PBXTargetDependency section */

/* Begin PBXVariantGroup section */
		DCF0F1D718B64B47000DCDE3 /* InfoPlist.strings */ = {
			isa = PBXVariantGroup;
			children = (
				DCF0F1D818B64B47000DCDE3 /* en */,
			);
			name = InfoPlist.strings;
			sourceTree = "<group>";
		};
		DCF0F1DD18B64B47000DCDE3 /* Credits.rtf */ = {
			isa = PBXVariantGroup;
			children = (
				DCF0F1DE18B64B47000DCDE3 /* en */,
			);
			name = Credits.rtf;
			sourceTree = "<group>";
		};
		DCF0F1E318B64B47000DCDE3 /* MainMenu.xib */ = {
			isa = PBXVariantGroup;
			children = (
				DCF0F1E418B64B47000DCDE3 /* Base */,
			);
			name = MainMenu.xib;
			sourceTree = "<group>";
		};
		DCF0F1F518B64B47000DCDE3 /* InfoPlist.strings */ = {
			isa = PBXVariantGroup;
			children = (
				DCF0F1F618B64B47000DCDE3 /* en */,
			);
			name = InfoPlist.strings;
			sourceTree = "<group>";
		};
/* End PBXVariantGroup section */

/* Begin XCBuildConfiguration section */
		DCF0F1FA18B64B47000DCDE3 /* Debug */ = {
			isa = XCBuildConfiguration;
			buildSettings = {
				ALWAYS_SEARCH_USER_PATHS = NO;
				CLANG_CXX_LANGUAGE_STANDARD = "gnu++0x";
				CLANG_CXX_LIBRARY = "libc++";
				CLANG_ENABLE_OBJC_ARC = YES;
				CLANG_WARN_BOOL_CONVERSION = YES;
				CLANG_WARN_CONSTANT_CONVERSION = YES;
				CLANG_WARN_DIRECT_OBJC_ISA_USAGE = YES_ERROR;
				CLANG_WARN_EMPTY_BODY = YES;
				CLANG_WARN_ENUM_CONVERSION = YES;
				CLANG_WARN_INT_CONVERSION = YES;
				CLANG_WARN_OBJC_ROOT_CLASS = YES_ERROR;
				CLANG_WARN__DUPLICATE_METHOD_MATCH = YES;
				COPY_PHASE_STRIP = NO;
				GCC_C_LANGUAGE_STANDARD = gnu99;
				GCC_DYNAMIC_NO_PIC = NO;
				GCC_ENABLE_OBJC_EXCEPTIONS = YES;
				GCC_OPTIMIZATION_LEVEL = 0;
				GCC_PREPROCESSOR_DEFINITIONS = (
					"DEBUG=1",
					"$(inherited)",
				);
				GCC_SYMBOLS_PRIVATE_EXTERN = NO;
				GCC_WARN_64_TO_32_BIT_CONVERSION = YES;
				GCC_WARN_ABOUT_RETURN_TYPE = YES_ERROR;
				GCC_WARN_UNDECLARED_SELECTOR = YES;
				GCC_WARN_UNINITIALIZED_AUTOS = YES;
				GCC_WARN_UNUSED_FUNCTION = YES;
				GCC_WARN_UNUSED_VARIABLE = YES;
				MACOSX_DEPLOYMENT_TARGET = 10.9;
				ONLY_ACTIVE_ARCH = YES;
				SDKROOT = macosx;
			};
			name = Debug;
		};
		DCF0F1FB18B64B47000DCDE3 /* Release */ = {
			isa = XCBuildConfiguration;
			buildSettings = {
				ALWAYS_SEARCH_USER_PATHS = NO;
				CLANG_CXX_LANGUAGE_STANDARD = "gnu++0x";
				CLANG_CXX_LIBRARY = "libc++";
				CLANG_ENABLE_OBJC_ARC = YES;
				CLANG_WARN_BOOL_CONVERSION = YES;
				CLANG_WARN_CONSTANT_CONVERSION = YES;
				CLANG_WARN_DIRECT_OBJC_ISA_USAGE = YES_ERROR;
				CLANG_WARN_EMPTY_BODY = YES;
				CLANG_WARN_ENUM_CONVERSION = YES;
				CLANG_WARN_INT_CONVERSION = YES;
				CLANG_WARN_OBJC_ROOT_CLASS = YES_ERROR;
				CLANG_WARN__DUPLICATE_METHOD_MATCH = YES;
				COPY_PHASE_STRIP = YES;
				DEBUG_INFORMATION_FORMAT = "dwarf-with-dsym";
				ENABLE_NS_ASSERTIONS = NO;
				GCC_C_LANGUAGE_STANDARD = gnu99;
				GCC_ENABLE_OBJC_EXCEPTIONS = YES;
				GCC_WARN_64_TO_32_BIT_CONVERSION = YES;
				GCC_WARN_ABOUT_RETURN_TYPE = YES_ERROR;
				GCC_WARN_UNDECLARED_SELECTOR = YES;
				GCC_WARN_UNINITIALIZED_AUTOS = YES;
				GCC_WARN_UNUSED_FUNCTION = YES;
				GCC_WARN_UNUSED_VARIABLE = YES;
				MACOSX_DEPLOYMENT_TARGET = 10.9;
				SDKROOT = macosx;
			};
			name = Release;
		};
		DCF0F1FD18B64B47000DCDE3 /* Debug */ = {
			isa = XCBuildConfiguration;
			buildSettings = {
				ASSETCATALOG_COMPILER_APPICON_NAME = AppIcon;
				CODE_SIGN_IDENTITY = "Developer ID Application";
				COMBINE_HIDPI_IMAGES = YES;
				DEBUG_INFORMATION_FORMAT = "dwarf-with-dsym";
				GCC_PRECOMPILE_PREFIX_HEADER = YES;
				GCC_PREFIX_HEADER = "H.264 Recorder/H.264 Recorder-Prefix.pch";
				INFOPLIST_FILE = "H.264 Recorder/H.264 Recorder-Info.plist";
				MACOSX_DEPLOYMENT_TARGET = 10.8;
				PRODUCT_NAME = "$(TARGET_NAME)";
				SDKROOT = macosx10.8;
				WRAPPER_EXTENSION = app;
			};
			name = Debug;
		};
		DCF0F1FE18B64B47000DCDE3 /* Release */ = {
			isa = XCBuildConfiguration;
			buildSettings = {
				ASSETCATALOG_COMPILER_APPICON_NAME = AppIcon;
				CODE_SIGN_IDENTITY = "Developer ID Application";
				COMBINE_HIDPI_IMAGES = YES;
				COPY_PHASE_STRIP = NO;
				GCC_PRECOMPILE_PREFIX_HEADER = YES;
				GCC_PREFIX_HEADER = "H.264 Recorder/H.264 Recorder-Prefix.pch";
				INFOPLIST_FILE = "H.264 Recorder/H.264 Recorder-Info.plist";
				MACOSX_DEPLOYMENT_TARGET = 10.8;
				PRODUCT_NAME = "$(TARGET_NAME)";
				SDKROOT = macosx10.8;
				WRAPPER_EXTENSION = app;
			};
			name = Release;
		};
		DCF0F20018B64B47000DCDE3 /* Debug */ = {
			isa = XCBuildConfiguration;
			buildSettings = {
				BUNDLE_LOADER = "$(BUILT_PRODUCTS_DIR)/H.264 Recorder.app/Contents/MacOS/H.264 Recorder";
				COMBINE_HIDPI_IMAGES = YES;
				FRAMEWORK_SEARCH_PATHS = (
					"$(DEVELOPER_FRAMEWORKS_DIR)",
					"$(inherited)",
				);
				GCC_PRECOMPILE_PREFIX_HEADER = YES;
				GCC_PREFIX_HEADER = "H.264 Recorder/H.264 Recorder-Prefix.pch";
				GCC_PREPROCESSOR_DEFINITIONS = (
					"DEBUG=1",
					"$(inherited)",
				);
				INFOPLIST_FILE = "H.264 RecorderTests/H.264 RecorderTests-Info.plist";
				PRODUCT_NAME = "$(TARGET_NAME)";
				TEST_HOST = "$(BUNDLE_LOADER)";
				WRAPPER_EXTENSION = xctest;
			};
			name = Debug;
		};
		DCF0F20118B64B47000DCDE3 /* Release */ = {
			isa = XCBuildConfiguration;
			buildSettings = {
				BUNDLE_LOADER = "$(BUILT_PRODUCTS_DIR)/H.264 Recorder.app/Contents/MacOS/H.264 Recorder";
				COMBINE_HIDPI_IMAGES = YES;
				FRAMEWORK_SEARCH_PATHS = (
					"$(DEVELOPER_FRAMEWORKS_DIR)",
					"$(inherited)",
				);
				GCC_PRECOMPILE_PREFIX_HEADER = YES;
				GCC_PREFIX_HEADER = "H.264 Recorder/H.264 Recorder-Prefix.pch";
				INFOPLIST_FILE = "H.264 RecorderTests/H.264 RecorderTests-Info.plist";
				PRODUCT_NAME = "$(TARGET_NAME)";
				TEST_HOST = "$(BUNDLE_LOADER)";
				WRAPPER_EXTENSION = xctest;
			};
			name = Release;
		};
/* End XCBuildConfiguration section */

/* Begin XCConfigurationList section */
		DCF0F1C618B64B47000DCDE3 /* Build configuration list for PBXProject "H.264 Recorder" */ = {
			isa = XCConfigurationList;
			buildConfigurations = (
				DCF0F1FA18B64B47000DCDE3 /* Debug */,
				DCF0F1FB18B64B47000DCDE3 /* Release */,
			);
			defaultConfigurationIsVisible = 0;
			defaultConfigurationName = Release;
		};
		DCF0F1FC18B64B47000DCDE3 /* Build configuration list for PBXNativeTarget "H.264 Recorder" */ = {
			isa = XCConfigurationList;
			buildConfigurations = (
				DCF0F1FD18B64B47000DCDE3 /* Debug */,
				DCF0F1FE18B64B47000DCDE3 /* Release */,
			);
			defaultConfigurationIsVisible = 0;
			defaultConfigurationName = Release;
		};
		DCF0F1FF18B64B47000DCDE3 /* Build configuration list for PBXNativeTarget "H.264 RecorderTests" */ = {
			isa = XCConfigurationList;
			buildConfigurations = (
				DCF0F20018B64B47000DCDE3 /* Debug */,
				DCF0F20118B64B47000DCDE3 /* Release */,
			);
			defaultConfigurationIsVisible = 0;
			defaultConfigurationName = Release;
		};
/* End XCConfigurationList section */
	};
	rootObject = DCF0F1C318B64B47000DCDE3 /* Project object */;
}
